// !$*UTF8*$!
{
	archiveVersion = 1;
	classes = {
	};
	objectVersion = 46;
	objects = {

/* Begin PBXBuildFile section */
		19A96CAC7E5F0209C4319240 /* Pods_PSE_Demobank.framework in Frameworks */ = {isa = PBXBuildFile; fileRef = 6224550DA416F82BDF075603 /* Pods_PSE_Demobank.framework */; };
		413CD3E41EE0BD2000EC5A38 /* main.m in Sources */ = {isa = PBXBuildFile; fileRef = 413CD3E31EE0BD2000EC5A38 /* main.m */; };
		413CD3E71EE0BD2000EC5A38 /* AppDelegate.m in Sources */ = {isa = PBXBuildFile; fileRef = 413CD3E61EE0BD2000EC5A38 /* AppDelegate.m */; };
		413CD3EA1EE0BD2000EC5A38 /* ViewController.m in Sources */ = {isa = PBXBuildFile; fileRef = 413CD3E91EE0BD2000EC5A38 /* ViewController.m */; };
		413CD3ED1EE0BD2000EC5A38 /* Main.storyboard in Resources */ = {isa = PBXBuildFile; fileRef = 413CD3EB1EE0BD2000EC5A38 /* Main.storyboard */; };
		413CD3EF1EE0BD2000EC5A38 /* Assets.xcassets in Resources */ = {isa = PBXBuildFile; fileRef = 413CD3EE1EE0BD2000EC5A38 /* Assets.xcassets */; };
		413CD3F21EE0BD2000EC5A38 /* LaunchScreen.storyboard in Resources */ = {isa = PBXBuildFile; fileRef = 413CD3F01EE0BD2000EC5A38 /* LaunchScreen.storyboard */; };
		413CD3FD1EE0BD2000EC5A38 /* PSE_DemobankTests.m in Sources */ = {isa = PBXBuildFile; fileRef = 413CD3FC1EE0BD2000EC5A38 /* PSE_DemobankTests.m */; };
		413CD4081EE0BD2000EC5A38 /* PSE_DemobankUITests.m in Sources */ = {isa = PBXBuildFile; fileRef = 413CD4071EE0BD2000EC5A38 /* PSE_DemobankUITests.m */; };
		417BF0741EE0C31C005DB022 /* logo_browser.png in Resources */ = {isa = PBXBuildFile; fileRef = 417BF0721EE0C31C005DB022 /* logo_browser.png */; };
		417BF0751EE0C31C005DB022 /* logo_browser@2x.png in Resources */ = {isa = PBXBuildFile; fileRef = 417BF0731EE0C31C005DB022 /* logo_browser@2x.png */; };
		417BF07D1EE1BFD0005DB022 /* UIImage+Utils.m in Sources */ = {isa = PBXBuildFile; fileRef = 417BF07A1EE1BFD0005DB022 /* UIImage+Utils.m */; };
		417BF07E1EE1BFD0005DB022 /* UIViewController+Utils.m in Sources */ = {isa = PBXBuildFile; fileRef = 417BF07C1EE1BFD0005DB022 /* UIViewController+Utils.m */; };
		417BF0911EE1C002005DB022 /* PSEHeader.m in Sources */ = {isa = PBXBuildFile; fileRef = 417BF0821EE1C002005DB022 /* PSEHeader.m */; };
		417BF0921EE1C002005DB022 /* PSEHeader.xib in Resources */ = {isa = PBXBuildFile; fileRef = 417BF0831EE1C002005DB022 /* PSEHeader.xib */; };
		417BF0931EE1C002005DB022 /* Failure.xib in Resources */ = {isa = PBXBuildFile; fileRef = 417BF0861EE1C002005DB022 /* Failure.xib */; };
		417BF0941EE1C002005DB022 /* FailureViewController.m in Sources */ = {isa = PBXBuildFile; fileRef = 417BF0881EE1C002005DB022 /* FailureViewController.m */; };
		417BF0951EE1C002005DB022 /* Success.xib in Resources */ = {isa = PBXBuildFile; fileRef = 417BF08A1EE1C002005DB022 /* Success.xib */; };
		417BF0961EE1C002005DB022 /* SuccessPaymentViewController.m in Sources */ = {isa = PBXBuildFile; fileRef = 417BF08C1EE1C002005DB022 /* SuccessPaymentViewController.m */; };
		417BF0971EE1C002005DB022 /* Warning.xib in Resources */ = {isa = PBXBuildFile; fileRef = 417BF08E1EE1C002005DB022 /* Warning.xib */; };
		417BF0981EE1C002005DB022 /* WarningViewController.m in Sources */ = {isa = PBXBuildFile; fileRef = 417BF0901EE1C002005DB022 /* WarningViewController.m */; };
/* End PBXBuildFile section */

/* Begin PBXContainerItemProxy section */
		413CD3F91EE0BD2000EC5A38 /* PBXContainerItemProxy */ = {
			isa = PBXContainerItemProxy;
			containerPortal = 413CD3D71EE0BD2000EC5A38 /* Project object */;
			proxyType = 1;
			remoteGlobalIDString = 413CD3DE1EE0BD2000EC5A38;
			remoteInfo = "PSE Demobank";
		};
		413CD4041EE0BD2000EC5A38 /* PBXContainerItemProxy */ = {
			isa = PBXContainerItemProxy;
			containerPortal = 413CD3D71EE0BD2000EC5A38 /* Project object */;
			proxyType = 1;
			remoteGlobalIDString = 413CD3DE1EE0BD2000EC5A38;
			remoteInfo = "PSE Demobank";
		};
/* End PBXContainerItemProxy section */

/* Begin PBXFileReference section */
		3B1C8887F27E5B04523ADFFC /* Pods-PSE Demobank.release.xcconfig */ = {isa = PBXFileReference; includeInIndex = 1; lastKnownFileType = text.xcconfig; name = "Pods-PSE Demobank.release.xcconfig"; path = "Pods/Target Support Files/Pods-PSE Demobank/Pods-PSE Demobank.release.xcconfig"; sourceTree = "<group>"; };
		413CD3DF1EE0BD2000EC5A38 /* PSE Demobank.app */ = {isa = PBXFileReference; explicitFileType = wrapper.application; includeInIndex = 0; path = "PSE Demobank.app"; sourceTree = BUILT_PRODUCTS_DIR; };
		413CD3E31EE0BD2000EC5A38 /* main.m */ = {isa = PBXFileReference; lastKnownFileType = sourcecode.c.objc; path = main.m; sourceTree = "<group>"; };
		413CD3E51EE0BD2000EC5A38 /* AppDelegate.h */ = {isa = PBXFileReference; lastKnownFileType = sourcecode.c.h; path = AppDelegate.h; sourceTree = "<group>"; };
		413CD3E61EE0BD2000EC5A38 /* AppDelegate.m */ = {isa = PBXFileReference; lastKnownFileType = sourcecode.c.objc; path = AppDelegate.m; sourceTree = "<group>"; };
		413CD3E81EE0BD2000EC5A38 /* ViewController.h */ = {isa = PBXFileReference; lastKnownFileType = sourcecode.c.h; path = ViewController.h; sourceTree = "<group>"; };
		413CD3E91EE0BD2000EC5A38 /* ViewController.m */ = {isa = PBXFileReference; lastKnownFileType = sourcecode.c.objc; path = ViewController.m; sourceTree = "<group>"; };
		413CD3EC1EE0BD2000EC5A38 /* Base */ = {isa = PBXFileReference; lastKnownFileType = file.storyboard; name = Base; path = Base.lproj/Main.storyboard; sourceTree = "<group>"; };
		413CD3EE1EE0BD2000EC5A38 /* Assets.xcassets */ = {isa = PBXFileReference; lastKnownFileType = folder.assetcatalog; path = Assets.xcassets; sourceTree = "<group>"; };
		413CD3F11EE0BD2000EC5A38 /* Base */ = {isa = PBXFileReference; lastKnownFileType = file.storyboard; name = Base; path = Base.lproj/LaunchScreen.storyboard; sourceTree = "<group>"; };
		413CD3F31EE0BD2000EC5A38 /* Info.plist */ = {isa = PBXFileReference; lastKnownFileType = text.plist.xml; path = Info.plist; sourceTree = "<group>"; };
		413CD3F81EE0BD2000EC5A38 /* PSE DemobankTests.xctest */ = {isa = PBXFileReference; explicitFileType = wrapper.cfbundle; includeInIndex = 0; path = "PSE DemobankTests.xctest"; sourceTree = BUILT_PRODUCTS_DIR; };
		413CD3FC1EE0BD2000EC5A38 /* PSE_DemobankTests.m */ = {isa = PBXFileReference; lastKnownFileType = sourcecode.c.objc; path = PSE_DemobankTests.m; sourceTree = "<group>"; };
		413CD3FE1EE0BD2000EC5A38 /* Info.plist */ = {isa = PBXFileReference; lastKnownFileType = text.plist.xml; path = Info.plist; sourceTree = "<group>"; };
		413CD4031EE0BD2000EC5A38 /* PSE DemobankUITests.xctest */ = {isa = PBXFileReference; explicitFileType = wrapper.cfbundle; includeInIndex = 0; path = "PSE DemobankUITests.xctest"; sourceTree = BUILT_PRODUCTS_DIR; };
		413CD4071EE0BD2000EC5A38 /* PSE_DemobankUITests.m */ = {isa = PBXFileReference; lastKnownFileType = sourcecode.c.objc; path = PSE_DemobankUITests.m; sourceTree = "<group>"; };
		413CD4091EE0BD2000EC5A38 /* Info.plist */ = {isa = PBXFileReference; lastKnownFileType = text.plist.xml; path = Info.plist; sourceTree = "<group>"; };
		417BF0721EE0C31C005DB022 /* logo_browser.png */ = {isa = PBXFileReference; lastKnownFileType = image.png; path = logo_browser.png; sourceTree = "<group>"; };
		417BF0731EE0C31C005DB022 /* logo_browser@2x.png */ = {isa = PBXFileReference; lastKnownFileType = image.png; path = "logo_browser@2x.png"; sourceTree = "<group>"; };
		417BF0791EE1BFD0005DB022 /* UIImage+Utils.h */ = {isa = PBXFileReference; fileEncoding = 4; lastKnownFileType = sourcecode.c.h; path = "UIImage+Utils.h"; sourceTree = "<group>"; };
		417BF07A1EE1BFD0005DB022 /* UIImage+Utils.m */ = {isa = PBXFileReference; fileEncoding = 4; lastKnownFileType = sourcecode.c.objc; path = "UIImage+Utils.m"; sourceTree = "<group>"; };
		417BF07B1EE1BFD0005DB022 /* UIViewController+Utils.h */ = {isa = PBXFileReference; fileEncoding = 4; lastKnownFileType = sourcecode.c.h; path = "UIViewController+Utils.h"; sourceTree = "<group>"; };
		417BF07C1EE1BFD0005DB022 /* UIViewController+Utils.m */ = {isa = PBXFileReference; fileEncoding = 4; lastKnownFileType = sourcecode.c.objc; path = "UIViewController+Utils.m"; sourceTree = "<group>"; };
		417BF0811EE1C002005DB022 /* PSEHeader.h */ = {isa = PBXFileReference; fileEncoding = 4; lastKnownFileType = sourcecode.c.h; path = PSEHeader.h; sourceTree = "<group>"; };
		417BF0821EE1C002005DB022 /* PSEHeader.m */ = {isa = PBXFileReference; fileEncoding = 4; lastKnownFileType = sourcecode.c.objc; path = PSEHeader.m; sourceTree = "<group>"; };
		417BF0831EE1C002005DB022 /* PSEHeader.xib */ = {isa = PBXFileReference; fileEncoding = 4; lastKnownFileType = file.xib; path = PSEHeader.xib; sourceTree = "<group>"; };
		417BF0861EE1C002005DB022 /* Failure.xib */ = {isa = PBXFileReference; fileEncoding = 4; lastKnownFileType = file.xib; path = Failure.xib; sourceTree = "<group>"; };
		417BF0871EE1C002005DB022 /* FailureViewController.h */ = {isa = PBXFileReference; fileEncoding = 4; lastKnownFileType = sourcecode.c.h; path = FailureViewController.h; sourceTree = "<group>"; };
		417BF0881EE1C002005DB022 /* FailureViewController.m */ = {isa = PBXFileReference; fileEncoding = 4; lastKnownFileType = sourcecode.c.objc; path = FailureViewController.m; sourceTree = "<group>"; };
		417BF08A1EE1C002005DB022 /* Success.xib */ = {isa = PBXFileReference; fileEncoding = 4; lastKnownFileType = file.xib; path = Success.xib; sourceTree = "<group>"; };
		417BF08B1EE1C002005DB022 /* SuccessPaymentViewController.h */ = {isa = PBXFileReference; fileEncoding = 4; lastKnownFileType = sourcecode.c.h; path = SuccessPaymentViewController.h; sourceTree = "<group>"; };
		417BF08C1EE1C002005DB022 /* SuccessPaymentViewController.m */ = {isa = PBXFileReference; fileEncoding = 4; lastKnownFileType = sourcecode.c.objc; path = SuccessPaymentViewController.m; sourceTree = "<group>"; };
		417BF08E1EE1C002005DB022 /* Warning.xib */ = {isa = PBXFileReference; fileEncoding = 4; lastKnownFileType = file.xib; path = Warning.xib; sourceTree = "<group>"; };
		417BF08F1EE1C002005DB022 /* WarningViewController.h */ = {isa = PBXFileReference; fileEncoding = 4; lastKnownFileType = sourcecode.c.h; path = WarningViewController.h; sourceTree = "<group>"; };
		417BF0901EE1C002005DB022 /* WarningViewController.m */ = {isa = PBXFileReference; fileEncoding = 4; lastKnownFileType = sourcecode.c.objc; path = WarningViewController.m; sourceTree = "<group>"; };
		546B1FA96A023B5064A3207D /* Pods-PSE Demobank.debug.xcconfig */ = {isa = PBXFileReference; includeInIndex = 1; lastKnownFileType = text.xcconfig; name = "Pods-PSE Demobank.debug.xcconfig"; path = "Pods/Target Support Files/Pods-PSE Demobank/Pods-PSE Demobank.debug.xcconfig"; sourceTree = "<group>"; };
		6224550DA416F82BDF075603 /* Pods_PSE_Demobank.framework */ = {isa = PBXFileReference; explicitFileType = wrapper.framework; includeInIndex = 0; path = Pods_PSE_Demobank.framework; sourceTree = BUILT_PRODUCTS_DIR; };
/* End PBXFileReference section */

/* Begin PBXFrameworksBuildPhase section */
		413CD3DC1EE0BD2000EC5A38 /* Frameworks */ = {
			isa = PBXFrameworksBuildPhase;
			buildActionMask = 2147483647;
			files = (
				19A96CAC7E5F0209C4319240 /* Pods_PSE_Demobank.framework in Frameworks */,
			);
			runOnlyForDeploymentPostprocessing = 0;
		};
		413CD3F51EE0BD2000EC5A38 /* Frameworks */ = {
			isa = PBXFrameworksBuildPhase;
			buildActionMask = 2147483647;
			files = (
			);
			runOnlyForDeploymentPostprocessing = 0;
		};
		413CD4001EE0BD2000EC5A38 /* Frameworks */ = {
			isa = PBXFrameworksBuildPhase;
			buildActionMask = 2147483647;
			files = (
			);
			runOnlyForDeploymentPostprocessing = 0;
		};
/* End PBXFrameworksBuildPhase section */

/* Begin PBXGroup section */
		0D1B6EC277FC5617F1A19255 /* Frameworks */ = {
			isa = PBXGroup;
			children = (
				6224550DA416F82BDF075603 /* Pods_PSE_Demobank.framework */,
			);
			name = Frameworks;
			sourceTree = "<group>";
		};
		413CD3D61EE0BD2000EC5A38 = {
			isa = PBXGroup;
			children = (
				413CD3E11EE0BD2000EC5A38 /* PSE Demobank */,
				413CD3FB1EE0BD2000EC5A38 /* PSE DemobankTests */,
				413CD4061EE0BD2000EC5A38 /* PSE DemobankUITests */,
				413CD3E01EE0BD2000EC5A38 /* Products */,
				4D2FD457D282345B760F817F /* Pods */,
				0D1B6EC277FC5617F1A19255 /* Frameworks */,
			);
			sourceTree = "<group>";
		};
		413CD3E01EE0BD2000EC5A38 /* Products */ = {
			isa = PBXGroup;
			children = (
				413CD3DF1EE0BD2000EC5A38 /* PSE Demobank.app */,
				413CD3F81EE0BD2000EC5A38 /* PSE DemobankTests.xctest */,
				413CD4031EE0BD2000EC5A38 /* PSE DemobankUITests.xctest */,
			);
			name = Products;
			sourceTree = "<group>";
		};
		413CD3E11EE0BD2000EC5A38 /* PSE Demobank */ = {
			isa = PBXGroup;
			children = (
				417BF07F1EE1C002005DB022 /* CustomsViews */,
				417BF0781EE1BFD0005DB022 /* Categories */,
				417BF0711EE0C2FB005DB022 /* Images */,
				413CD3E51EE0BD2000EC5A38 /* AppDelegate.h */,
				413CD3E61EE0BD2000EC5A38 /* AppDelegate.m */,
				413CD3E81EE0BD2000EC5A38 /* ViewController.h */,
				413CD3E91EE0BD2000EC5A38 /* ViewController.m */,
				413CD3EB1EE0BD2000EC5A38 /* Main.storyboard */,
				413CD3EE1EE0BD2000EC5A38 /* Assets.xcassets */,
				413CD3F01EE0BD2000EC5A38 /* LaunchScreen.storyboard */,
				413CD3F31EE0BD2000EC5A38 /* Info.plist */,
				413CD3E21EE0BD2000EC5A38 /* Supporting Files */,
			);
			path = "PSE Demobank";
			sourceTree = "<group>";
		};
		413CD3E21EE0BD2000EC5A38 /* Supporting Files */ = {
			isa = PBXGroup;
			children = (
				413CD3E31EE0BD2000EC5A38 /* main.m */,
			);
			name = "Supporting Files";
			sourceTree = "<group>";
		};
		413CD3FB1EE0BD2000EC5A38 /* PSE DemobankTests */ = {
			isa = PBXGroup;
			children = (
				413CD3FC1EE0BD2000EC5A38 /* PSE_DemobankTests.m */,
				413CD3FE1EE0BD2000EC5A38 /* Info.plist */,
			);
			path = "PSE DemobankTests";
			sourceTree = "<group>";
		};
		413CD4061EE0BD2000EC5A38 /* PSE DemobankUITests */ = {
			isa = PBXGroup;
			children = (
				413CD4071EE0BD2000EC5A38 /* PSE_DemobankUITests.m */,
				413CD4091EE0BD2000EC5A38 /* Info.plist */,
			);
			path = "PSE DemobankUITests";
			sourceTree = "<group>";
		};
		417BF0711EE0C2FB005DB022 /* Images */ = {
			isa = PBXGroup;
			children = (
				417BF0721EE0C31C005DB022 /* logo_browser.png */,
				417BF0731EE0C31C005DB022 /* logo_browser@2x.png */,
			);
			path = Images;
			sourceTree = "<group>";
		};
		417BF0781EE1BFD0005DB022 /* Categories */ = {
			isa = PBXGroup;
			children = (
				417BF0791EE1BFD0005DB022 /* UIImage+Utils.h */,
				417BF07A1EE1BFD0005DB022 /* UIImage+Utils.m */,
				417BF07B1EE1BFD0005DB022 /* UIViewController+Utils.h */,
				417BF07C1EE1BFD0005DB022 /* UIViewController+Utils.m */,
			);
			path = Categories;
			sourceTree = "<group>";
		};
		417BF07F1EE1C002005DB022 /* CustomsViews */ = {
			isa = PBXGroup;
			children = (
				417BF0801EE1C002005DB022 /* Header */,
				417BF0841EE1C002005DB022 /* Payment Process */,
			);
			path = CustomsViews;
			sourceTree = "<group>";
		};
		417BF0801EE1C002005DB022 /* Header */ = {
			isa = PBXGroup;
			children = (
				417BF0811EE1C002005DB022 /* PSEHeader.h */,
				417BF0821EE1C002005DB022 /* PSEHeader.m */,
				417BF0831EE1C002005DB022 /* PSEHeader.xib */,
			);
			path = Header;
			sourceTree = "<group>";
		};
		417BF0841EE1C002005DB022 /* Payment Process */ = {
			isa = PBXGroup;
			children = (
				417BF0851EE1C002005DB022 /* Failure */,
				417BF0891EE1C002005DB022 /* Success */,
				417BF08D1EE1C002005DB022 /* Warning */,
			);
			path = "Payment Process";
			sourceTree = "<group>";
		};
		417BF0851EE1C002005DB022 /* Failure */ = {
			isa = PBXGroup;
			children = (
				417BF0861EE1C002005DB022 /* Failure.xib */,
				417BF0871EE1C002005DB022 /* FailureViewController.h */,
				417BF0881EE1C002005DB022 /* FailureViewController.m */,
			);
			path = Failure;
			sourceTree = "<group>";
		};
		417BF0891EE1C002005DB022 /* Success */ = {
			isa = PBXGroup;
			children = (
				417BF08A1EE1C002005DB022 /* Success.xib */,
				417BF08B1EE1C002005DB022 /* SuccessPaymentViewController.h */,
				417BF08C1EE1C002005DB022 /* SuccessPaymentViewController.m */,
			);
			path = Success;
			sourceTree = "<group>";
		};
		417BF08D1EE1C002005DB022 /* Warning */ = {
			isa = PBXGroup;
			children = (
				417BF08E1EE1C002005DB022 /* Warning.xib */,
				417BF08F1EE1C002005DB022 /* WarningViewController.h */,
				417BF0901EE1C002005DB022 /* WarningViewController.m */,
			);
			path = Warning;
			sourceTree = "<group>";
		};
		4D2FD457D282345B760F817F /* Pods */ = {
			isa = PBXGroup;
			children = (
				546B1FA96A023B5064A3207D /* Pods-PSE Demobank.debug.xcconfig */,
				3B1C8887F27E5B04523ADFFC /* Pods-PSE Demobank.release.xcconfig */,
			);
			name = Pods;
			sourceTree = "<group>";
		};
/* End PBXGroup section */

/* Begin PBXNativeTarget section */
		413CD3DE1EE0BD2000EC5A38 /* PSE Demobank */ = {
			isa = PBXNativeTarget;
			buildConfigurationList = 413CD40C1EE0BD2000EC5A38 /* Build configuration list for PBXNativeTarget "PSE Demobank" */;
			buildPhases = (
				4B91015B86D16E6E590D3AF4 /* [CP] Check Pods Manifest.lock */,
				413CD3DB1EE0BD2000EC5A38 /* Sources */,
				413CD3DC1EE0BD2000EC5A38 /* Frameworks */,
				413CD3DD1EE0BD2000EC5A38 /* Resources */,
				DFF95D812BE24E79217D51A0 /* [CP] Embed Pods Frameworks */,
				BE3393E38F082FAF1A6F9E98 /* [CP] Copy Pods Resources */,
			);
			buildRules = (
			);
			dependencies = (
			);
			name = "PSE Demobank";
			productName = "PSE Demobank";
			productReference = 413CD3DF1EE0BD2000EC5A38 /* PSE Demobank.app */;
			productType = "com.apple.product-type.application";
		};
		413CD3F71EE0BD2000EC5A38 /* PSE DemobankTests */ = {
			isa = PBXNativeTarget;
			buildConfigurationList = 413CD40F1EE0BD2000EC5A38 /* Build configuration list for PBXNativeTarget "PSE DemobankTests" */;
			buildPhases = (
				413CD3F41EE0BD2000EC5A38 /* Sources */,
				413CD3F51EE0BD2000EC5A38 /* Frameworks */,
				413CD3F61EE0BD2000EC5A38 /* Resources */,
			);
			buildRules = (
			);
			dependencies = (
				413CD3FA1EE0BD2000EC5A38 /* PBXTargetDependency */,
			);
			name = "PSE DemobankTests";
			productName = "PSE DemobankTests";
			productReference = 413CD3F81EE0BD2000EC5A38 /* PSE DemobankTests.xctest */;
			productType = "com.apple.product-type.bundle.unit-test";
		};
		413CD4021EE0BD2000EC5A38 /* PSE DemobankUITests */ = {
			isa = PBXNativeTarget;
			buildConfigurationList = 413CD4121EE0BD2000EC5A38 /* Build configuration list for PBXNativeTarget "PSE DemobankUITests" */;
			buildPhases = (
				413CD3FF1EE0BD2000EC5A38 /* Sources */,
				413CD4001EE0BD2000EC5A38 /* Frameworks */,
				413CD4011EE0BD2000EC5A38 /* Resources */,
			);
			buildRules = (
			);
			dependencies = (
				413CD4051EE0BD2000EC5A38 /* PBXTargetDependency */,
			);
			name = "PSE DemobankUITests";
			productName = "PSE DemobankUITests";
			productReference = 413CD4031EE0BD2000EC5A38 /* PSE DemobankUITests.xctest */;
			productType = "com.apple.product-type.bundle.ui-testing";
		};
/* End PBXNativeTarget section */

/* Begin PBXProject section */
		413CD3D71EE0BD2000EC5A38 /* Project object */ = {
			isa = PBXProject;
			attributes = {
				LastUpgradeCheck = 0830;
				ORGANIZATIONNAME = "Khipu SpA";
				TargetAttributes = {
					413CD3DE1EE0BD2000EC5A38 = {
						CreatedOnToolsVersion = 8.3;
						DevelopmentTeam = 2X63E3W773;
						ProvisioningStyle = Automatic;
					};
					413CD3F71EE0BD2000EC5A38 = {
						CreatedOnToolsVersion = 8.3;
						DevelopmentTeam = 2X63E3W773;
						ProvisioningStyle = Automatic;
						TestTargetID = 413CD3DE1EE0BD2000EC5A38;
					};
					413CD4021EE0BD2000EC5A38 = {
						CreatedOnToolsVersion = 8.3;
						DevelopmentTeam = 2X63E3W773;
						ProvisioningStyle = Automatic;
						TestTargetID = 413CD3DE1EE0BD2000EC5A38;
					};
				};
			};
			buildConfigurationList = 413CD3DA1EE0BD2000EC5A38 /* Build configuration list for PBXProject "PSE Demobank" */;
			compatibilityVersion = "Xcode 3.2";
			developmentRegion = English;
			hasScannedForEncodings = 0;
			knownRegions = (
				en,
				Base,
			);
			mainGroup = 413CD3D61EE0BD2000EC5A38;
			productRefGroup = 413CD3E01EE0BD2000EC5A38 /* Products */;
			projectDirPath = "";
			projectRoot = "";
			targets = (
				413CD3DE1EE0BD2000EC5A38 /* PSE Demobank */,
				413CD3F71EE0BD2000EC5A38 /* PSE DemobankTests */,
				413CD4021EE0BD2000EC5A38 /* PSE DemobankUITests */,
			);
		};
/* End PBXProject section */

/* Begin PBXResourcesBuildPhase section */
		413CD3DD1EE0BD2000EC5A38 /* Resources */ = {
			isa = PBXResourcesBuildPhase;
			buildActionMask = 2147483647;
			files = (
				417BF0751EE0C31C005DB022 /* logo_browser@2x.png in Resources */,
				413CD3F21EE0BD2000EC5A38 /* LaunchScreen.storyboard in Resources */,
				417BF0971EE1C002005DB022 /* Warning.xib in Resources */,
				413CD3EF1EE0BD2000EC5A38 /* Assets.xcassets in Resources */,
				417BF0931EE1C002005DB022 /* Failure.xib in Resources */,
				413CD3ED1EE0BD2000EC5A38 /* Main.storyboard in Resources */,
				417BF0951EE1C002005DB022 /* Success.xib in Resources */,
				417BF0741EE0C31C005DB022 /* logo_browser.png in Resources */,
				417BF0921EE1C002005DB022 /* PSEHeader.xib in Resources */,
			);
			runOnlyForDeploymentPostprocessing = 0;
		};
		413CD3F61EE0BD2000EC5A38 /* Resources */ = {
			isa = PBXResourcesBuildPhase;
			buildActionMask = 2147483647;
			files = (
			);
			runOnlyForDeploymentPostprocessing = 0;
		};
		413CD4011EE0BD2000EC5A38 /* Resources */ = {
			isa = PBXResourcesBuildPhase;
			buildActionMask = 2147483647;
			files = (
			);
			runOnlyForDeploymentPostprocessing = 0;
		};
/* End PBXResourcesBuildPhase section */

/* Begin PBXShellScriptBuildPhase section */
		4B91015B86D16E6E590D3AF4 /* [CP] Check Pods Manifest.lock */ = {
			isa = PBXShellScriptBuildPhase;
			buildActionMask = 2147483647;
			files = (
			);
			inputPaths = (
			);
			name = "[CP] Check Pods Manifest.lock";
			outputPaths = (
			);
			runOnlyForDeploymentPostprocessing = 0;
			shellPath = /bin/sh;
			shellScript = "diff \"${PODS_PODFILE_DIR_PATH}/Podfile.lock\" \"${PODS_ROOT}/Manifest.lock\" > /dev/null\nif [ $? != 0 ] ; then\n    # print error to STDERR\n    echo \"error: The sandbox is not in sync with the Podfile.lock. Run 'pod install' or update your CocoaPods installation.\" >&2\n    exit 1\nfi\n";
			showEnvVarsInLog = 0;
		};
		BE3393E38F082FAF1A6F9E98 /* [CP] Copy Pods Resources */ = {
			isa = PBXShellScriptBuildPhase;
			buildActionMask = 2147483647;
			files = (
			);
			inputPaths = (
			);
			name = "[CP] Copy Pods Resources";
			outputPaths = (
			);
			runOnlyForDeploymentPostprocessing = 0;
			shellPath = /bin/sh;
			shellScript = "\"${SRCROOT}/Pods/Target Support Files/Pods-PSE Demobank/Pods-PSE Demobank-resources.sh\"\n";
			showEnvVarsInLog = 0;
		};
		DFF95D812BE24E79217D51A0 /* [CP] Embed Pods Frameworks */ = {
			isa = PBXShellScriptBuildPhase;
			buildActionMask = 2147483647;
			files = (
			);
			inputPaths = (
			);
			name = "[CP] Embed Pods Frameworks";
			outputPaths = (
			);
			runOnlyForDeploymentPostprocessing = 0;
			shellPath = /bin/sh;
			shellScript = "\"${SRCROOT}/Pods/Target Support Files/Pods-PSE Demobank/Pods-PSE Demobank-frameworks.sh\"\n";
			showEnvVarsInLog = 0;
		};
/* End PBXShellScriptBuildPhase section */

/* Begin PBXSourcesBuildPhase section */
		413CD3DB1EE0BD2000EC5A38 /* Sources */ = {
			isa = PBXSourcesBuildPhase;
			buildActionMask = 2147483647;
			files = (
				413CD3EA1EE0BD2000EC5A38 /* ViewController.m in Sources */,
				413CD3E71EE0BD2000EC5A38 /* AppDelegate.m in Sources */,
				417BF0981EE1C002005DB022 /* WarningViewController.m in Sources */,
				417BF0941EE1C002005DB022 /* FailureViewController.m in Sources */,
				413CD3E41EE0BD2000EC5A38 /* main.m in Sources */,
				417BF0911EE1C002005DB022 /* PSEHeader.m in Sources */,
				417BF07E1EE1BFD0005DB022 /* UIViewController+Utils.m in Sources */,
				417BF07D1EE1BFD0005DB022 /* UIImage+Utils.m in Sources */,
				417BF0961EE1C002005DB022 /* SuccessPaymentViewController.m in Sources */,
			);
			runOnlyForDeploymentPostprocessing = 0;
		};
		413CD3F41EE0BD2000EC5A38 /* Sources */ = {
			isa = PBXSourcesBuildPhase;
			buildActionMask = 2147483647;
			files = (
				413CD3FD1EE0BD2000EC5A38 /* PSE_DemobankTests.m in Sources */,
			);
			runOnlyForDeploymentPostprocessing = 0;
		};
		413CD3FF1EE0BD2000EC5A38 /* Sources */ = {
			isa = PBXSourcesBuildPhase;
			buildActionMask = 2147483647;
			files = (
				413CD4081EE0BD2000EC5A38 /* PSE_DemobankUITests.m in Sources */,
			);
			runOnlyForDeploymentPostprocessing = 0;
		};
/* End PBXSourcesBuildPhase section */

/* Begin PBXTargetDependency section */
		413CD3FA1EE0BD2000EC5A38 /* PBXTargetDependency */ = {
			isa = PBXTargetDependency;
			target = 413CD3DE1EE0BD2000EC5A38 /* PSE Demobank */;
			targetProxy = 413CD3F91EE0BD2000EC5A38 /* PBXContainerItemProxy */;
		};
		413CD4051EE0BD2000EC5A38 /* PBXTargetDependency */ = {
			isa = PBXTargetDependency;
			target = 413CD3DE1EE0BD2000EC5A38 /* PSE Demobank */;
			targetProxy = 413CD4041EE0BD2000EC5A38 /* PBXContainerItemProxy */;
		};
/* End PBXTargetDependency section */

/* Begin PBXVariantGroup section */
		413CD3EB1EE0BD2000EC5A38 /* Main.storyboard */ = {
			isa = PBXVariantGroup;
			children = (
				413CD3EC1EE0BD2000EC5A38 /* Base */,
			);
			name = Main.storyboard;
			sourceTree = "<group>";
		};
		413CD3F01EE0BD2000EC5A38 /* LaunchScreen.storyboard */ = {
			isa = PBXVariantGroup;
			children = (
				413CD3F11EE0BD2000EC5A38 /* Base */,
			);
			name = LaunchScreen.storyboard;
			sourceTree = "<group>";
		};
/* End PBXVariantGroup section */

/* Begin XCBuildConfiguration section */
		413CD40A1EE0BD2000EC5A38 /* Debug */ = {
			isa = XCBuildConfiguration;
			buildSettings = {
				ALWAYS_SEARCH_USER_PATHS = NO;
				CLANG_ANALYZER_NONNULL = YES;
				CLANG_ANALYZER_NUMBER_OBJECT_CONVERSION = YES_AGGRESSIVE;
				CLANG_CXX_LANGUAGE_STANDARD = "gnu++0x";
				CLANG_CXX_LIBRARY = "libc++";
				CLANG_ENABLE_MODULES = YES;
				CLANG_ENABLE_OBJC_ARC = YES;
				CLANG_WARN_BOOL_CONVERSION = YES;
				CLANG_WARN_CONSTANT_CONVERSION = YES;
				CLANG_WARN_DIRECT_OBJC_ISA_USAGE = YES_ERROR;
				CLANG_WARN_DOCUMENTATION_COMMENTS = YES;
				CLANG_WARN_EMPTY_BODY = YES;
				CLANG_WARN_ENUM_CONVERSION = YES;
				CLANG_WARN_INFINITE_RECURSION = YES;
				CLANG_WARN_INT_CONVERSION = YES;
				CLANG_WARN_OBJC_ROOT_CLASS = YES_ERROR;
				CLANG_WARN_SUSPICIOUS_MOVE = YES;
				CLANG_WARN_UNREACHABLE_CODE = YES;
				CLANG_WARN__DUPLICATE_METHOD_MATCH = YES;
				"CODE_SIGN_IDENTITY[sdk=iphoneos*]" = "iPhone Developer";
				COPY_PHASE_STRIP = NO;
				DEBUG_INFORMATION_FORMAT = dwarf;
				ENABLE_STRICT_OBJC_MSGSEND = YES;
				ENABLE_TESTABILITY = YES;
				GCC_C_LANGUAGE_STANDARD = gnu99;
				GCC_DYNAMIC_NO_PIC = NO;
				GCC_NO_COMMON_BLOCKS = YES;
				GCC_OPTIMIZATION_LEVEL = 0;
				GCC_PREPROCESSOR_DEFINITIONS = (
					"DEBUG=1",
					"$(inherited)",
				);
				GCC_WARN_64_TO_32_BIT_CONVERSION = YES;
				GCC_WARN_ABOUT_RETURN_TYPE = YES_ERROR;
				GCC_WARN_UNDECLARED_SELECTOR = YES;
				GCC_WARN_UNINITIALIZED_AUTOS = YES_AGGRESSIVE;
				GCC_WARN_UNUSED_FUNCTION = YES;
				GCC_WARN_UNUSED_VARIABLE = YES;
				IPHONEOS_DEPLOYMENT_TARGET = 10.3;
				MTL_ENABLE_DEBUG_INFO = YES;
				ONLY_ACTIVE_ARCH = YES;
				SDKROOT = iphoneos;
				TARGETED_DEVICE_FAMILY = "1,2";
			};
			name = Debug;
		};
		413CD40B1EE0BD2000EC5A38 /* Release */ = {
			isa = XCBuildConfiguration;
			buildSettings = {
				ALWAYS_SEARCH_USER_PATHS = NO;
				CLANG_ANALYZER_NONNULL = YES;
				CLANG_ANALYZER_NUMBER_OBJECT_CONVERSION = YES_AGGRESSIVE;
				CLANG_CXX_LANGUAGE_STANDARD = "gnu++0x";
				CLANG_CXX_LIBRARY = "libc++";
				CLANG_ENABLE_MODULES = YES;
				CLANG_ENABLE_OBJC_ARC = YES;
				CLANG_WARN_BOOL_CONVERSION = YES;
				CLANG_WARN_CONSTANT_CONVERSION = YES;
				CLANG_WARN_DIRECT_OBJC_ISA_USAGE = YES_ERROR;
				CLANG_WARN_DOCUMENTATION_COMMENTS = YES;
				CLANG_WARN_EMPTY_BODY = YES;
				CLANG_WARN_ENUM_CONVERSION = YES;
				CLANG_WARN_INFINITE_RECURSION = YES;
				CLANG_WARN_INT_CONVERSION = YES;
				CLANG_WARN_OBJC_ROOT_CLASS = YES_ERROR;
				CLANG_WARN_SUSPICIOUS_MOVE = YES;
				CLANG_WARN_UNREACHABLE_CODE = YES;
				CLANG_WARN__DUPLICATE_METHOD_MATCH = YES;
				"CODE_SIGN_IDENTITY[sdk=iphoneos*]" = "iPhone Developer";
				COPY_PHASE_STRIP = NO;
				DEBUG_INFORMATION_FORMAT = "dwarf-with-dsym";
				ENABLE_NS_ASSERTIONS = NO;
				ENABLE_STRICT_OBJC_MSGSEND = YES;
				GCC_C_LANGUAGE_STANDARD = gnu99;
				GCC_NO_COMMON_BLOCKS = YES;
				GCC_WARN_64_TO_32_BIT_CONVERSION = YES;
				GCC_WARN_ABOUT_RETURN_TYPE = YES_ERROR;
				GCC_WARN_UNDECLARED_SELECTOR = YES;
				GCC_WARN_UNINITIALIZED_AUTOS = YES_AGGRESSIVE;
				GCC_WARN_UNUSED_FUNCTION = YES;
				GCC_WARN_UNUSED_VARIABLE = YES;
				IPHONEOS_DEPLOYMENT_TARGET = 10.3;
				MTL_ENABLE_DEBUG_INFO = NO;
				SDKROOT = iphoneos;
				TARGETED_DEVICE_FAMILY = "1,2";
				VALIDATE_PRODUCT = YES;
			};
			name = Release;
		};
		413CD40D1EE0BD2000EC5A38 /* Debug */ = {
			isa = XCBuildConfiguration;
			baseConfigurationReference = 546B1FA96A023B5064A3207D /* Pods-PSE Demobank.debug.xcconfig */;
			buildSettings = {
				ASSETCATALOG_COMPILER_APPICON_NAME = AppIcon;
				DEVELOPMENT_TEAM = 2X63E3W773;
				INFOPLIST_FILE = "PSE Demobank/Info.plist";
				LD_RUNPATH_SEARCH_PATHS = "$(inherited) @executable_path/Frameworks";
				PRODUCT_BUNDLE_IDENTIFIER = "com.khipu.PSE-Demobank";
				PRODUCT_NAME = "$(TARGET_NAME)";
			};
			name = Debug;
		};
		413CD40E1EE0BD2000EC5A38 /* Release */ = {
			isa = XCBuildConfiguration;
			baseConfigurationReference = 3B1C8887F27E5B04523ADFFC /* Pods-PSE Demobank.release.xcconfig */;
			buildSettings = {
				ASSETCATALOG_COMPILER_APPICON_NAME = AppIcon;
				DEVELOPMENT_TEAM = 2X63E3W773;
				INFOPLIST_FILE = "PSE Demobank/Info.plist";
				LD_RUNPATH_SEARCH_PATHS = "$(inherited) @executable_path/Frameworks";
				PRODUCT_BUNDLE_IDENTIFIER = "com.khipu.PSE-Demobank";
				PRODUCT_NAME = "$(TARGET_NAME)";
			};
			name = Release;
		};
		413CD4101EE0BD2000EC5A38 /* Debug */ = {
			isa = XCBuildConfiguration;
			buildSettings = {
				BUNDLE_LOADER = "$(TEST_HOST)";
				DEVELOPMENT_TEAM = 2X63E3W773;
				INFOPLIST_FILE = "PSE DemobankTests/Info.plist";
				LD_RUNPATH_SEARCH_PATHS = "$(inherited) @executable_path/Frameworks @loader_path/Frameworks";
				PRODUCT_BUNDLE_IDENTIFIER = "com.khipu.PSE-DemobankTests";
				PRODUCT_NAME = "$(TARGET_NAME)";
				TEST_HOST = "$(BUILT_PRODUCTS_DIR)/PSE Demobank.app/PSE Demobank";
			};
			name = Debug;
		};
		413CD4111EE0BD2000EC5A38 /* Release */ = {
			isa = XCBuildConfiguration;
			buildSettings = {
				BUNDLE_LOADER = "$(TEST_HOST)";
				DEVELOPMENT_TEAM = 2X63E3W773;
				INFOPLIST_FILE = "PSE DemobankTests/Info.plist";
				LD_RUNPATH_SEARCH_PATHS = "$(inherited) @executable_path/Frameworks @loader_path/Frameworks";
				PRODUCT_BUNDLE_IDENTIFIER = "com.khipu.PSE-DemobankTests";
				PRODUCT_NAME = "$(TARGET_NAME)";
				TEST_HOST = "$(BUILT_PRODUCTS_DIR)/PSE Demobank.app/PSE Demobank";
			};
			name = Release;
		};
		413CD4131EE0BD2000EC5A38 /* Debug */ = {
			isa = XCBuildConfiguration;
			buildSettings = {
				DEVELOPMENT_TEAM = 2X63E3W773;
				INFOPLIST_FILE = "PSE DemobankUITests/Info.plist";
				LD_RUNPATH_SEARCH_PATHS = "$(inherited) @executable_path/Frameworks @loader_path/Frameworks";
				PRODUCT_BUNDLE_IDENTIFIER = "com.khipu.PSE-DemobankUITests";
				PRODUCT_NAME = "$(TARGET_NAME)";
				TEST_TARGET_NAME = "PSE Demobank";
			};
			name = Debug;
		};
		413CD4141EE0BD2000EC5A38 /* Release */ = {
			isa = XCBuildConfiguration;
			buildSettings = {
				DEVELOPMENT_TEAM = 2X63E3W773;
				INFOPLIST_FILE = "PSE DemobankUITests/Info.plist";
				LD_RUNPATH_SEARCH_PATHS = "$(inherited) @executable_path/Frameworks @loader_path/Frameworks";
				PRODUCT_BUNDLE_IDENTIFIER = "com.khipu.PSE-DemobankUITests";
				PRODUCT_NAME = "$(TARGET_NAME)";
				TEST_TARGET_NAME = "PSE Demobank";
			};
			name = Release;
		};
/* End XCBuildConfiguration section */

/* Begin XCConfigurationList section */
		413CD3DA1EE0BD2000EC5A38 /* Build configuration list for PBXProject "PSE Demobank" */ = {
			isa = XCConfigurationList;
			buildConfigurations = (
				413CD40A1EE0BD2000EC5A38 /* Debug */,
				413CD40B1EE0BD2000EC5A38 /* Release */,
			);
			defaultConfigurationIsVisible = 0;
			defaultConfigurationName = Release;
		};
		413CD40C1EE0BD2000EC5A38 /* Build configuration list for PBXNativeTarget "PSE Demobank" */ = {
			isa = XCConfigurationList;
			buildConfigurations = (
				413CD40D1EE0BD2000EC5A38 /* Debug */,
				413CD40E1EE0BD2000EC5A38 /* Release */,
			);
			defaultConfigurationIsVisible = 0;
			defaultConfigurationName = Release;
		};
		413CD40F1EE0BD2000EC5A38 /* Build configuration list for PBXNativeTarget "PSE DemobankTests" */ = {
			isa = XCConfigurationList;
			buildConfigurations = (
				413CD4101EE0BD2000EC5A38 /* Debug */,
				413CD4111EE0BD2000EC5A38 /* Release */,
			);
			defaultConfigurationIsVisible = 0;
			defaultConfigurationName = Release;
		};
		413CD4121EE0BD2000EC5A38 /* Build configuration list for PBXNativeTarget "PSE DemobankUITests" */ = {
			isa = XCConfigurationList;
			buildConfigurations = (
				413CD4131EE0BD2000EC5A38 /* Debug */,
				413CD4141EE0BD2000EC5A38 /* Release */,
			);
			defaultConfigurationIsVisible = 0;
			defaultConfigurationName = Release;
		};
/* End XCConfigurationList section */
	};
	rootObject = 413CD3D71EE0BD2000EC5A38 /* Project object */;
}
